github.com/NickBall/go-aes-key-wrap v0.0.0-20170929221519-1c3aa3e4dfc5 h1:5BIUS5hwyLM298mOf8e8TEgD3cCYqc86uaJdQCYZo/o=
github.com/NickBall/go-aes-key-wrap v0.0.0-20170929221519-1c3aa3e4dfc5/go.mod h1:w5D10RxC0NmPYxmQ438CC1S07zaC1zpvuNW7s5sUk2Q=
github.com/cpuguy83/go-md2man/v2 v2.0.4/go.mod h1:tgQtvFlXSQOSOSIRvRPT7W67SCa46tRHOmNcaadrF8o=
github.com/inconshreveable/mousetrap v1.1.0 h1:wN+x4NVGpMsO7ErUn/mUI3vEoE6Jt13X2s0bqwp9tc8=
github.com/inconshreveable/mousetrap v1.1.0/go.mod h1:vpF70FUmC8bwa3OWnCshd2FqLfsEA9PFc4w1p2J65bw=
github.com/jacobsa/crypto v0.0.0-20190317225127-9f44e2d11115 h1:YuDUUFNM21CAbyPOpOP8BicaTD/0klJEKt5p8yuw+uY=
github.com/jacobsa/crypto v0.0.0-20190317225127-9f44e2d11115/go.mod h1:LadVJg0XuawGk+8L1rYnIED8451UyNxEMdTWCEt5kmU=
github.com/jacobsa/oglematchers v0.0.0-20150720000706-141901ea67cd h1:9GCSedGjMcLZCrusBZuo4tyKLpKUPenUUqi34AkuFmA=
github.com/jacobsa/oglematchers v0.0.0-20150720000706-141901ea67cd/go.mod h1:TlmyIZDpGmwRoTWiakdr+HA1Tukze6C6XbRVidYq02M=
github.com/jacobsa/oglemock v0.0.0-20150831005832-e94d794d06ff h1:2xRHTvkpJ5zJmglXLRqHiZQNjUoOkhUyhTAhEQvPAWw=
github.com/jacobsa/oglemock v0.0.0-20150831005832-e94d794d06ff/go.mod h1:gJWba/XXGl0UoOmBQKRWCJdHrr3nE0T65t6ioaj3mLI=
github.com/jacobsa/ogletest v0.0.0-20170503003838-80d50a735a11 h1:BMb8s3ENQLt5ulwVIHVDWFHp8eIXmbfSExkvdn9qMXI=
github.com/jacobsa/ogletest v0.0.0-20170503003838-80d50a735a11/go.mod h1:+DBdDyfoO2McrOyDemRBq0q9CMEByef7sYl7JH5Q3BI=
github.com/jacobsa/reqtrace v0.0.0-20150505043853-245c9e0234cb h1:uSWBjJdMf47kQlXMwWEfmc864bA1wAC+Kl3ApryuG9Y=
github.com/jacobsa/reqtrace v0.0.0-20150505043853-245c9e0234cb/go.mod h1:ivcmUvxXWjb27NsPEaiYK7AidlZXS7oQ5PowUS9z3I4=
github.com/russross/blackfriday/v2 v2.1.0/go.mod h1:+Rmxgy9KzJVeS9/2gXHxylqXiyQDYRxCVz55jmeOWTM=
github.com/spf13/cobra v1.8.1 h1:e5/vxKd/rZsfSJMUX1agtjeTDf+qv1/JdBF8gg5k9ZM=
github.com/spf13/cobra v1.8.1/go.mod h1:wHxEcudfqmLYa8iTfL+OuZPbBZkmvliBWKIezN3kD9Y=
github.com/spf13/pflag v1.0.5 h1:iy+VFUOCP1a+8yFto/drg2CJ5u0yRoB7fZw3DKv/JXA=
github.com/spf13/pflag v1.0.5/go.mod h1:McXfInJRrz4CZXVZOBLb0bTZqETkiAhM9Iw0y3An2Bg=
github.com/stretchr/testify v1.12.1 h1:EuwCh5fleGS7H32xRwO3wRGT7DxrDhLAT6FF8MpWDWE=
github.com/stretchr/testify v1.12.1/go.mod h1:MDEgiDPPsNp5cuIrHPPCyornHKgEVbtFUmoNlxoYthg=
go.yaml.in/yaml/v3 v3.0.5 h1:N6y/pJk8buWs9NY5ERU2HSMfm+IuD/OtfdAnq6kESPw=
go.yaml.in/yaml/v3 v3.0.5/go.mod h1:HVTZu1O7/Vkt2N+BFy8Zza+lnLsABggaTM2ZpNIGuKg=
golang.org/x/crypto v0.28.0 h1:GBDwsMXVQi34v5CCYUm2jkJvu4cbtru2U4TN2PSyQnw=
golang.org/x/crypto v0.28.0/go.mod h1:rmgy+3RHxRZMyY0jjAJShp2zgEdOqj2AO7U0pYmeQ7U=
golang.org/x/net v0.21.0 h1:AQyQV4dYCvJ7vGmJyKki9+PBdyvhkSd8EIx/qb0AYv4=
golang.org/x/net v0.21.0/go.mod h1:bIjVDfnllIU7BJ2DNgfnXvpSvtn8VRwhlsaeUTyUS44=
golang.org/x/text v0.19.0 h1:kTxAhCbGbxhK0IwgSKiMO5awPoDQ0RpfiVYBfK860YM=
golang.org/x/text v0.19.0/go.mod h1:BuEKDfySbSR4drPmRPG/7iBdf8hvFMuRexcpahXilzY=
gopkg.in/check.v1 v0.0.0-20161208181325-20d25e280405/go.mod h1:Co6ibVJAznAaIkqp8huTwlJQCZ016jof/cbN4VW5Yz0=
gopkg.in/yaml.v3 v3.0.1/go.mod h1:K4uyk7z7BCEPqu6E+C64Yfv1cQ7kz7rIZviUmN+EgEM=
